
Microsoft Visual Studio Solution File, Format Version 12.00
# Visual Studio Version 17
VisualStudioVersion = 17.11.35219.272
MinimumVisualStudioVersion = 10.0.40219.1
Project("{FAE04EC0-301F-11D3-BF4B-00C04F79EFBC}") = "PIS", "PIS.csproj", "{AD5911AE-0D96-468E-AC12-87FCB0932947}"
EndProject
Global
	GlobalSection(SolutionConfigurationPlatforms) = preSolution
		Debug|Any CPU = Debug|Any CPU
		Release|Any CPU = Release|Any CPU
	EndGlobalSection
	GlobalSection(ProjectConfigurationPlatforms) = postSolution
		{AD5911AE-0D96-468E-AC12-87FCB0932947}.Debug|Any CPU.ActiveCfg = Debug|Any CPU
		{AD5911AE-0D96-468E-AC12-87FCB0932947}.Debug|Any CPU.Build.0 = Debug|Any CPU
		{AD5911AE-0D96-468E-AC12-87FCB0932947}.Release|Any CPU.ActiveCfg = Release|Any CPU
		{AD5911AE-0D96-468E-AC12-87FCB0932947}.Release|Any CPU.Build.0 = Release|Any CPU
	EndGlobalSection
	GlobalSection(SolutionProperties) = preSolution
		HideSolutionNode = FALSE
	EndGlobalSection
	GlobalSection(ExtensibilityGlobals) = postSolution
		SolutionGuid = {F1429144-C36D-45D3-8FD4-FAC1774CF214}
	EndGlobalSection
EndGlobal
